
Microsoft Visual Studio Solution File, Format Version 12.00
# Visual Studio Version 17
VisualStudioVersion = 17.3.32819.101
MinimumVisualStudioVersion = 10.0.40219.1
Project("{FAE04EC0-301F-11D3-BF4B-00C04F79EFBC}") = "AnimalPairs", "AnimalPairs\AnimalPairs.csproj", "{D4C46B62-A201-4A14-BEFB-C74C4B5C9289}"
EndProject
Global
	GlobalSection(SolutionConfigurationPlatforms) = preSolution
		Debug|Any CPU = Debug|Any CPU
		Release|Any CPU = Release|Any CPU
	EndGlobalSection
	GlobalSection(ProjectConfigurationPlatforms) = postSolution
		{D4C46B62-A201-4A14-BEFB-C74C4B5C9289}.Debug|Any CPU.ActiveCfg = Debug|Any CPU
		{D4C46B62-A201-4A14-BEFB-C74C4B5C9289}.Debug|Any CPU.Build.0 = Debug|Any CPU
		{D4C46B62-A201-4A14-BEFB-C74C4B5C9289}.Release|Any CPU.ActiveCfg = Release|Any CPU
		{D4C46B62-A201-4A14-BEFB-C74C4B5C9289}.Release|Any CPU.Build.0 = Release|Any CPU
	EndGlobalSection
	GlobalSection(SolutionProperties) = preSolution
		HideSolutionNode = FALSE
	EndGlobalSection
	GlobalSection(ExtensibilityGlobals) = postSolution
		SolutionGuid = {D23D09F1-95DF-48A2-9CB7-6A2F0171D0D7}
	EndGlobalSection
EndGlobal
